
Microsoft Visual Studio Solution File, Format Version 12.00
# Visual Studio Version 17
VisualStudioVersion = 17.5.33414.496
MinimumVisualStudioVersion = 10.0.40219.1
Project("{FAE04EC0-301F-11D3-BF4B-00C04F79EFBC}") = "qbu", "qbu.csproj", "{BF94255A-C574-4997-84E4-3987399291FD}"
EndProject
Global
	GlobalSection(SolutionConfigurationPlatforms) = preSolution
		Debug|Any CPU = Debug|Any CPU
		Release|Any CPU = Release|Any CPU
	EndGlobalSection
	GlobalSection(ProjectConfigurationPlatforms) = postSolution
		{BF94255A-C574-4997-84E4-3987399291FD}.Debug|Any CPU.ActiveCfg = Debug|Any CPU
		{BF94255A-C574-4997-84E4-3987399291FD}.Debug|Any CPU.Build.0 = Debug|Any CPU
		{BF94255A-C574-4997-84E4-3987399291FD}.Release|Any CPU.ActiveCfg = Release|Any CPU
		{BF94255A-C574-4997-84E4-3987399291FD}.Release|Any CPU.Build.0 = Release|Any CPU
	EndGlobalSection
	GlobalSection(SolutionProperties) = preSolution
		HideSolutionNode = FALSE
	EndGlobalSection
	GlobalSection(ExtensibilityGlobals) = postSolution
		SolutionGuid = {E90BFEC0-1B10-4952-8919-51D2AFEB36BB}
	EndGlobalSection
EndGlobal
